{
  "name": "tinyphp",
  "lockfileVersion": 2,
  "requires": true,
  "packages": {
    "": {
      "dependencies": {
        "sheetjs": "^2.0.0"
      }
    },
    "node_modules/sheetjs": {
      "version": "2.0.0",
      "resolved": "https://registry.npmjs.org/sheetjs/-/sheetjs-2.0.0.tgz",
      "integrity": "sha512-/zxauUZFsJaClP16zlYHWuD/K9VDOHsZlbunZFVUwz9tqBZeUNhSKw7ubC1s6LdiCJYG+7IFY8IEJ+9hLQwDmw==",
      "engines": {
        "node": ">=0.8"
      }
    }
  },
  "dependencies": {
    "sheetjs": {
      "version": "2.0.0",
      "resolved": "https://registry.npmjs.org/sheetjs/-/sheetjs-2.0.0.tgz",
      "integrity": "sha512-/zxauUZFsJaClP16zlYHWuD/K9VDOHsZlbunZFVUwz9tqBZeUNhSKw7ubC1s6LdiCJYG+7IFY8IEJ+9hLQwDmw=="
    }
  }
}
